{
  "name": "mathplus",
  "version": "1.0.0",
  "lockfileVersion": 2,
  "requires": true,
  "packages": {
    "": {
      "name": "mathplus",
      "version": "1.0.0",
      "license": "ISC",
      "dependencies": {
        "@mathrandom7910/pos": "^1.0.2"
      }
    },
    "node_modules/@mathrandom7910/pos": {
      "version": "1.0.2",
      "resolved": "https://registry.npmjs.org/@mathrandom7910/pos/-/pos-1.0.2.tgz",
      "integrity": "sha512-Y3nzZRkQFnjdVZZAovU+nVFQV8ygdink+5IAN/1Q4Yg5DrQFKfLg7VDkYIxO7NdL5HFuuJRxsWUxZybbQkqhNQ=="
    }
  },
  "dependencies": {
    "@mathrandom7910/pos": {
      "version": "1.0.2",
      "resolved": "https://registry.npmjs.org/@mathrandom7910/pos/-/pos-1.0.2.tgz",
      "integrity": "sha512-Y3nzZRkQFnjdVZZAovU+nVFQV8ygdink+5IAN/1Q4Yg5DrQFKfLg7VDkYIxO7NdL5HFuuJRxsWUxZybbQkqhNQ=="
    }
  }
}
